amoeba:
  repository: git@github.com:guosran/amoeba.git
  commit: a57376e7043b1681e64e7169c5a8cb02eb192331
  branch_hint: orbit/joint-semantic-closure
  required: true
neura:
  repository: git@github.com:coredac/neura.git
  commit: 2c8f524f81135d50bcce507ec1599a264aa03571
  obtained_by: amoeba submodule thirdparty/neura
  required: true
cgra_ii_predictor:
  repository: git@github.com:guosran/cgra-ii-predictor.git
  commit: ed00ea6d960ca086f071fa4f815c4a3b21526163
  obtained_by: amoeba submodule thirdparty/cgra-ii-predictor
  required: false
llvm_mlir:
  repository: https://github.com/llvm/llvm-project.git
  commit: 6146a88f60492b520a36f8f8f3231e15f3cc6082
  obtained_by: standalone source or ORBIT_LLVM_BUILD override
  required: true
